// !$*UTF8*$!
{
	archiveVersion = 1;
	classes = {
	};
	objectVersion = 50;
	objects = {

/* Begin PBXBuildFile section */
		F7239DE626172FEA007D4C32 /* User.swift in Sources */ = {isa = PBXBuildFile; fileRef = F7239DE526172FEA007D4C32 /* User.swift */; };
		F7239DEF26178C76007D4C32 /* TabBarController.swift in Sources */ = {isa = PBXBuildFile; fileRef = F7239DEE26178C76007D4C32 /* TabBarController.swift */; };
		F7239DF226179877007D4C32 /* AboutMeViewController.swift in Sources */ = {isa = PBXBuildFile; fileRef = F7239DF126179877007D4C32 /* AboutMeViewController.swift */; };
		F7239DF5261798E4007D4C32 /* AboutMyHobbiesViewController.swift in Sources */ = {isa = PBXBuildFile; fileRef = F7239DF4261798E4007D4C32 /* AboutMyHobbiesViewController.swift */; };
		F7239DF92618860F007D4C32 /* PhotoViewController.swift in Sources */ = {isa = PBXBuildFile; fileRef = F7239DF82618860F007D4C32 /* PhotoViewController.swift */; };
		F7279E3F2612F279000B310A /* AppDelegate.swift in Sources */ = {isa = PBXBuildFile; fileRef = F7279E3E2612F279000B310A /* AppDelegate.swift */; };
		F7279E412612F279000B310A /* SceneDelegate.swift in Sources */ = {isa = PBXBuildFile; fileRef = F7279E402612F279000B310A /* SceneDelegate.swift */; };
		F7279E432612F279000B310A /* LoginViewController.swift in Sources */ = {isa = PBXBuildFile; fileRef = F7279E422612F279000B310A /* LoginViewController.swift */; };
		F7279E462612F279000B310A /* Main.storyboard in Resources */ = {isa = PBXBuildFile; fileRef = F7279E442612F279000B310A /* Main.storyboard */; };
		F7279E482612F27A000B310A /* Assets.xcassets in Resources */ = {isa = PBXBuildFile; fileRef = F7279E472612F27A000B310A /* Assets.xcassets */; };
		F7279E4B2612F27A000B310A /* LaunchScreen.storyboard in Resources */ = {isa = PBXBuildFile; fileRef = F7279E492612F27A000B310A /* LaunchScreen.storyboard */; };
		F7279E552612F2B4000B310A /* WelcomeViewController.swift in Sources */ = {isa = PBXBuildFile; fileRef = F7279E542612F2B4000B310A /* WelcomeViewController.swift */; };
/* End PBXBuildFile section */

/* Begin PBXFileReference section */
		F7239DE526172FEA007D4C32 /* User.swift */ = {isa = PBXFileReference; lastKnownFileType = sourcecode.swift; path = User.swift; sourceTree = "<group>"; };
		F7239DEE26178C76007D4C32 /* TabBarController.swift */ = {isa = PBXFileReference; lastKnownFileType = sourcecode.swift; path = TabBarController.swift; sourceTree = "<group>"; };
		F7239DF126179877007D4C32 /* AboutMeViewController.swift */ = {isa = PBXFileReference; lastKnownFileType = sourcecode.swift; path = AboutMeViewController.swift; sourceTree = "<group>"; };
		F7239DF4261798E4007D4C32 /* AboutMyHobbiesViewController.swift */ = {isa = PBXFileReference; lastKnownFileType = sourcecode.swift; path = AboutMyHobbiesViewController.swift; sourceTree = "<group>"; };
		F7239DF82618860F007D4C32 /* PhotoViewController.swift */ = {isa = PBXFileReference; lastKnownFileType = sourcecode.swift; path = PhotoViewController.swift; sourceTree = "<group>"; };
		F7279E3B2612F279000B310A /* LoginView.app */ = {isa = PBXFileReference; explicitFileType = wrapper.application; includeInIndex = 0; path = LoginView.app; sourceTree = BUILT_PRODUCTS_DIR; };
		F7279E3E2612F279000B310A /* AppDelegate.swift */ = {isa = PBXFileReference; lastKnownFileType = sourcecode.swift; path = AppDelegate.swift; sourceTree = "<group>"; };
		F7279E402612F279000B310A /* SceneDelegate.swift */ = {isa = PBXFileReference; lastKnownFileType = sourcecode.swift; path = SceneDelegate.swift; sourceTree = "<group>"; };
		F7279E422612F279000B310A /* LoginViewController.swift */ = {isa = PBXFileReference; lastKnownFileType = sourcecode.swift; path = LoginViewController.swift; sourceTree = "<group>"; };
		F7279E452612F279000B310A /* Base */ = {isa = PBXFileReference; lastKnownFileType = file.storyboard; name = Base; path = Base.lproj/Main.storyboard; sourceTree = "<group>"; };
		F7279E472612F27A000B310A /* Assets.xcassets */ = {isa = PBXFileReference; lastKnownFileType = folder.assetcatalog; path = Assets.xcassets; sourceTree = "<group>"; };
		F7279E4A2612F27A000B310A /* Base */ = {isa = PBXFileReference; lastKnownFileType = file.storyboard; name = Base; path = Base.lproj/LaunchScreen.storyboard; sourceTree = "<group>"; };
		F7279E4C2612F27A000B310A /* Info.plist */ = {isa = PBXFileReference; lastKnownFileType = text.plist.xml; path = Info.plist; sourceTree = "<group>"; };
		F7279E542612F2B4000B310A /* WelcomeViewController.swift */ = {isa = PBXFileReference; lastKnownFileType = sourcecode.swift; path = WelcomeViewController.swift; sourceTree = "<group>"; };
/* End PBXFileReference section */

/* Begin PBXFrameworksBuildPhase section */
		F7279E382612F279000B310A /* Frameworks */ = {
			isa = PBXFrameworksBuildPhase;
			buildActionMask = 2147483647;
			files = (
			);
			runOnlyForDeploymentPostprocessing = 0;
		};
/* End PBXFrameworksBuildPhase section */

/* Begin PBXGroup section */
		F7239DDD26172E44007D4C32 /* ViewControllers */ = {
			isa = PBXGroup;
			children = (
				F7239DEE26178C76007D4C32 /* TabBarController.swift */,
				F7279E422612F279000B310A /* LoginViewController.swift */,
				F7279E542612F2B4000B310A /* WelcomeViewController.swift */,
				F7239DF126179877007D4C32 /* AboutMeViewController.swift */,
				F7239DF4261798E4007D4C32 /* AboutMyHobbiesViewController.swift */,
				F7239DF82618860F007D4C32 /* PhotoViewController.swift */,
			);
			path = ViewControllers;
			sourceTree = "<group>";
		};
		F7239DDF26172E74007D4C32 /* Models */ = {
			isa = PBXGroup;
			children = (
				F7239DE526172FEA007D4C32 /* User.swift */,
			);
			path = Models;
			sourceTree = "<group>";
		};
		F7239DE026172E87007D4C32 /* Storyboards */ = {
			isa = PBXGroup;
			children = (
				F7279E442612F279000B310A /* Main.storyboard */,
				F7279E492612F27A000B310A /* LaunchScreen.storyboard */,
			);
			path = Storyboards;
			sourceTree = "<group>";
		};
		F7239DE126172EA2007D4C32 /* Resources */ = {
			isa = PBXGroup;
			children = (
				F7279E472612F27A000B310A /* Assets.xcassets */,
			);
			path = Resources;
			sourceTree = "<group>";
		};
		F7239DE226172EBD007D4C32 /* Supports */ = {
			isa = PBXGroup;
			children = (
				F7279E3E2612F279000B310A /* AppDelegate.swift */,
				F7279E402612F279000B310A /* SceneDelegate.swift */,
				F7279E4C2612F27A000B310A /* Info.plist */,
			);
			path = Supports;
			sourceTree = "<group>";
		};
		F7279E322612F279000B310A = {
			isa = PBXGroup;
			children = (
				F7279E3D2612F279000B310A /* LoginView */,
				F7279E3C2612F279000B310A /* Products */,
			);
			sourceTree = "<group>";
		};
		F7279E3C2612F279000B310A /* Products */ = {
			isa = PBXGroup;
			children = (
				F7279E3B2612F279000B310A /* LoginView.app */,
			);
			name = Products;
			sourceTree = "<group>";
		};
		F7279E3D2612F279000B310A /* LoginView */ = {
			isa = PBXGroup;
			children = (
				F7239DDD26172E44007D4C32 /* ViewControllers */,
				F7239DDF26172E74007D4C32 /* Models */,
				F7239DE026172E87007D4C32 /* Storyboards */,
				F7239DE226172EBD007D4C32 /* Supports */,
				F7239DE126172EA2007D4C32 /* Resources */,
			);
			path = LoginView;
			sourceTree = "<group>";
		};
/* End PBXGroup section */

/* Begin PBXNativeTarget section */
		F7279E3A2612F279000B310A /* LoginView */ = {
			isa = PBXNativeTarget;
			buildConfigurationList = F7279E4F2612F27A000B310A /* Build configuration list for PBXNativeTarget "LoginView" */;
			buildPhases = (
				F7279E372612F279000B310A /* Sources */,
				F7279E382612F279000B310A /* Frameworks */,
				F7279E392612F279000B310A /* Resources */,
			);
			buildRules = (
			);
			dependencies = (
			);
			name = LoginView;
			productName = LoginView;
			productReference = F7279E3B2612F279000B310A /* LoginView.app */;
			productType = "com.apple.product-type.application";
		};
/* End PBXNativeTarget section */

/* Begin PBXProject section */
		F7279E332612F279000B310A /* Project object */ = {
			isa = PBXProject;
			attributes = {
				KnownAssetTags = (
					0,
					1,
					2,
				);
				LastSwiftUpdateCheck = 1240;
				LastUpgradeCheck = 1240;
				TargetAttributes = {
					F7279E3A2612F279000B310A = {
						CreatedOnToolsVersion = 12.4;
					};
				};
			};
			buildConfigurationList = F7279E362612F279000B310A /* Build configuration list for PBXProject "LoginView" */;
			compatibilityVersion = "Xcode 9.3";
			developmentRegion = en;
			hasScannedForEncodings = 0;
			knownRegions = (
				en,
				Base,
			);
			mainGroup = F7279E322612F279000B310A;
			productRefGroup = F7279E3C2612F279000B310A /* Products */;
			projectDirPath = "";
			projectRoot = "";
			targets = (
				F7279E3A2612F279000B310A /* LoginView */,
			);
		};
/* End PBXProject section */

/* Begin PBXResourcesBuildPhase section */
		F7279E392612F279000B310A /* Resources */ = {
			isa = PBXResourcesBuildPhase;
			buildActionMask = 2147483647;
			files = (
				F7279E4B2612F27A000B310A /* LaunchScreen.storyboard in Resources */,
				F7279E482612F27A000B310A /* Assets.xcassets in Resources */,
				F7279E462612F279000B310A /* Main.storyboard in Resources */,
			);
			runOnlyForDeploymentPostprocessing = 0;
		};
/* End PBXResourcesBuildPhase section */

/* Begin PBXSourcesBuildPhase section */
		F7279E372612F279000B310A /* Sources */ = {
			isa = PBXSourcesBuildPhase;
			buildActionMask = 2147483647;
			files = (
				F7279E432612F279000B310A /* LoginViewController.swift in Sources */,
				F7279E552612F2B4000B310A /* WelcomeViewController.swift in Sources */,
				F7239DF226179877007D4C32 /* AboutMeViewController.swift in Sources */,
				F7279E3F2612F279000B310A /* AppDelegate.swift in Sources */,
				F7239DEF26178C76007D4C32 /* TabBarController.swift in Sources */,
				F7239DF92618860F007D4C32 /* PhotoViewController.swift in Sources */,
				F7239DF5261798E4007D4C32 /* AboutMyHobbiesViewController.swift in Sources */,
				F7239DE626172FEA007D4C32 /* User.swift in Sources */,
				F7279E412612F279000B310A /* SceneDelegate.swift in Sources */,
			);
			runOnlyForDeploymentPostprocessing = 0;
		};
/* End PBXSourcesBuildPhase section */

/* Begin PBXVariantGroup section */
		F7279E442612F279000B310A /* Main.storyboard */ = {
			isa = PBXVariantGroup;
			children = (
				F7279E452612F279000B310A /* Base */,
			);
			name = Main.storyboard;
			sourceTree = "<group>";
		};
		F7279E492612F27A000B310A /* LaunchScreen.storyboard */ = {
			isa = PBXVariantGroup;
			children = (
				F7279E4A2612F27A000B310A /* Base */,
			);
			name = LaunchScreen.storyboard;
			sourceTree = "<group>";
		};
/* End PBXVariantGroup section */

/* Begin XCBuildConfiguration section */
		F7279E4D2612F27A000B310A /* Debug */ = {
			isa = XCBuildConfiguration;
			buildSettings = {
				ALWAYS_SEARCH_USER_PATHS = NO;
				CLANG_ANALYZER_NONNULL = YES;
				CLANG_ANALYZER_NUMBER_OBJECT_CONVERSION = YES_AGGRESSIVE;
				CLANG_CXX_LANGUAGE_STANDARD = "gnu++14";
				CLANG_CXX_LIBRARY = "libc++";
				CLANG_ENABLE_MODULES = YES;
				CLANG_ENABLE_OBJC_ARC = YES;
				CLANG_ENABLE_OBJC_WEAK = YES;
				CLANG_WARN_BLOCK_CAPTURE_AUTORELEASING = YES;
				CLANG_WARN_BOOL_CONVERSION = YES;
				CLANG_WARN_COMMA = YES;
				CLANG_WARN_CONSTANT_CONVERSION = YES;
				CLANG_WARN_DEPRECATED_OBJC_IMPLEMENTATIONS = YES;
				CLANG_WARN_DIRECT_OBJC_ISA_USAGE = YES_ERROR;
				CLANG_WARN_DOCUMENTATION_COMMENTS = YES;
				CLANG_WARN_EMPTY_BODY = YES;
				CLANG_WARN_ENUM_CONVERSION = YES;
				CLANG_WARN_INFINITE_RECURSION = YES;
				CLANG_WARN_INT_CONVERSION = YES;
				CLANG_WARN_NON_LITERAL_NULL_CONVERSION = YES;
				CLANG_WARN_OBJC_IMPLICIT_RETAIN_SELF = YES;
				CLANG_WARN_OBJC_LITERAL_CONVERSION = YES;
				CLANG_WARN_OBJC_ROOT_CLASS = YES_ERROR;
				CLANG_WARN_QUOTED_INCLUDE_IN_FRAMEWORK_HEADER = YES;
				CLANG_WARN_RANGE_LOOP_ANALYSIS = YES;
				CLANG_WARN_STRICT_PROTOTYPES = YES;
				CLANG_WARN_SUSPICIOUS_MOVE = YES;
				CLANG_WARN_UNGUARDED_AVAILABILITY = YES_AGGRESSIVE;
				CLANG_WARN_UNREACHABLE_CODE = YES;
				CLANG_WARN__DUPLICATE_METHOD_MATCH = YES;
				COPY_PHASE_STRIP = NO;
				DEBUG_INFORMATION_FORMAT = dwarf;
				ENABLE_STRICT_OBJC_MSGSEND = YES;
				ENABLE_TESTABILITY = YES;
				GCC_C_LANGUAGE_STANDARD = gnu11;
				GCC_DYNAMIC_NO_PIC = NO;
				GCC_NO_COMMON_BLOCKS = YES;
				GCC_OPTIMIZATION_LEVEL = 0;
				GCC_PREPROCESSOR_DEFINITIONS = (
					"DEBUG=1",
					"$(inherited)",
				);
				GCC_WARN_64_TO_32_BIT_CONVERSION = YES;
				GCC_WARN_ABOUT_RETURN_TYPE = YES_ERROR;
				GCC_WARN_UNDECLARED_SELECTOR = YES;
				GCC_WARN_UNINITIALIZED_AUTOS = YES_AGGRESSIVE;
				GCC_WARN_UNUSED_FUNCTION = YES;
				GCC_WARN_UNUSED_VARIABLE = YES;
				IPHONEOS_DEPLOYMENT_TARGET = 14.4;
				MTL_ENABLE_DEBUG_INFO = INCLUDE_SOURCE;
				MTL_FAST_MATH = YES;
				ONLY_ACTIVE_ARCH = YES;
				SDKROOT = iphoneos;
				SWIFT_ACTIVE_COMPILATION_CONDITIONS = DEBUG;
				SWIFT_OPTIMIZATION_LEVEL = "-Onone";
			};
			name = Debug;
		};
		F7279E4E2612F27A000B310A /* Release */ = {
			isa = XCBuildConfiguration;
			buildSettings = {
				ALWAYS_SEARCH_USER_PATHS = NO;
				CLANG_ANALYZER_NONNULL = YES;
				CLANG_ANALYZER_NUMBER_OBJECT_CONVERSION = YES_AGGRESSIVE;
				CLANG_CXX_LANGUAGE_STANDARD = "gnu++14";
				CLANG_CXX_LIBRARY = "libc++";
				CLANG_ENABLE_MODULES = YES;
				CLANG_ENABLE_OBJC_ARC = YES;
				CLANG_ENABLE_OBJC_WEAK = YES;
				CLANG_WARN_BLOCK_CAPTURE_AUTORELEASING = YES;
				CLANG_WARN_BOOL_CONVERSION = YES;
				CLANG_WARN_COMMA = YES;
				CLANG_WARN_CONSTANT_CONVERSION = YES;
				CLANG_WARN_DEPRECATED_OBJC_IMPLEMENTATIONS = YES;
				CLANG_WARN_DIRECT_OBJC_ISA_USAGE = YES_ERROR;
				CLANG_WARN_DOCUMENTATION_COMMENTS = YES;
				CLANG_WARN_EMPTY_BODY = YES;
				CLANG_WARN_ENUM_CONVERSION = YES;
				CLANG_WARN_INFINITE_RECURSION = YES;
				CLANG_WARN_INT_CONVERSION = YES;
				CLANG_WARN_NON_LITERAL_NULL_CONVERSION = YES;
				CLANG_WARN_OBJC_IMPLICIT_RETAIN_SELF = YES;
				CLANG_WARN_OBJC_LITERAL_CONVERSION = YES;
				CLANG_WARN_OBJC_ROOT_CLASS = YES_ERROR;
				CLANG_WARN_QUOTED_INCLUDE_IN_FRAMEWORK_HEADER = YES;
				CLANG_WARN_RANGE_LOOP_ANALYSIS = YES;
				CLANG_WARN_STRICT_PROTOTYPES = YES;
				CLANG_WARN_SUSPICIOUS_MOVE = YES;
				CLANG_WARN_UNGUARDED_AVAILABILITY = YES_AGGRESSIVE;
				CLANG_WARN_UNREACHABLE_CODE = YES;
				CLANG_WARN__DUPLICATE_METHOD_MATCH = YES;
				COPY_PHASE_STRIP = NO;
				DEBUG_INFORMATION_FORMAT = "dwarf-with-dsym";
				ENABLE_NS_ASSERTIONS = NO;
				ENABLE_STRICT_OBJC_MSGSEND = YES;
				GCC_C_LANGUAGE_STANDARD = gnu11;
				GCC_NO_COMMON_BLOCKS = YES;
				GCC_WARN_64_TO_32_BIT_CONVERSION = YES;
				GCC_WARN_ABOUT_RETURN_TYPE = YES_ERROR;
				GCC_WARN_UNDECLARED_SELECTOR = YES;
				GCC_WARN_UNINITIALIZED_AUTOS = YES_AGGRESSIVE;
				GCC_WARN_UNUSED_FUNCTION = YES;
				GCC_WARN_UNUSED_VARIABLE = YES;
				IPHONEOS_DEPLOYMENT_TARGET = 14.4;
				MTL_ENABLE_DEBUG_INFO = NO;
				MTL_FAST_MATH = YES;
				SDKROOT = iphoneos;
				SWIFT_COMPILATION_MODE = wholemodule;
				SWIFT_OPTIMIZATION_LEVEL = "-O";
				VALIDATE_PRODUCT = YES;
			};
			name = Release;
		};
		F7279E502612F27A000B310A /* Debug */ = {
			isa = XCBuildConfiguration;
			buildSettings = {
				ASSETCATALOG_COMPILER_APPICON_NAME = AppIcon;
				ASSETCATALOG_COMPILER_GLOBAL_ACCENT_COLOR_NAME = AccentColor;
				CODE_SIGN_STYLE = Automatic;
				DEVELOPMENT_TEAM = TB5VXYZS9X;
				INFOPLIST_FILE = LoginView/Supports/Info.plist;
				LD_RUNPATH_SEARCH_PATHS = (
					"$(inherited)",
					"@executable_path/Frameworks",
				);
				PRODUCT_BUNDLE_IDENTIFIER = ru.learnSwift.LogInViewV1;
				PRODUCT_NAME = "$(TARGET_NAME)";
				SWIFT_VERSION = 5.0;
				TARGETED_DEVICE_FAMILY = "1,2";
			};
			name = Debug;
		};
		F7279E512612F27A000B310A /* Release */ = {
			isa = XCBuildConfiguration;
			buildSettings = {
				ASSETCATALOG_COMPILER_APPICON_NAME = AppIcon;
				ASSETCATALOG_COMPILER_GLOBAL_ACCENT_COLOR_NAME = AccentColor;
				CODE_SIGN_STYLE = Automatic;
				DEVELOPMENT_TEAM = TB5VXYZS9X;
				INFOPLIST_FILE = LoginView/Supports/Info.plist;
				LD_RUNPATH_SEARCH_PATHS = (
					"$(inherited)",
					"@executable_path/Frameworks",
				);
				PRODUCT_BUNDLE_IDENTIFIER = ru.learnSwift.LogInViewV1;
				PRODUCT_NAME = "$(TARGET_NAME)";
				SWIFT_VERSION = 5.0;
				TARGETED_DEVICE_FAMILY = "1,2";
			};
			name = Release;
		};
/* End XCBuildConfiguration section */

/* Begin XCConfigurationList section */
		F7279E362612F279000B310A /* Build configuration list for PBXProject "LoginView" */ = {
			isa = XCConfigurationList;
			buildConfigurations = (
				F7279E4D2612F27A000B310A /* Debug */,
				F7279E4E2612F27A000B310A /* Release */,
			);
			defaultConfigurationIsVisible = 0;
			defaultConfigurationName = Release;
		};
		F7279E4F2612F27A000B310A /* Build configuration list for PBXNativeTarget "LoginView" */ = {
			isa = XCConfigurationList;
			buildConfigurations = (
				F7279E502612F27A000B310A /* Debug */,
				F7279E512612F27A000B310A /* Release */,
			);
			defaultConfigurationIsVisible = 0;
			defaultConfigurationName = Release;
		};
/* End XCConfigurationList section */
	};
	rootObject = F7279E332612F279000B310A /* Project object */;
}
